
Microsoft Visual Studio Solution File, Format Version 12.00
# Visual Studio Version 16
VisualStudioVersion = 16.0.30717.126
MinimumVisualStudioVersion = 10.0.40219.1
Project("{FAE04EC0-301F-11D3-BF4B-00C04F79EFBC}") = "FMS.BlazorServerApp", "FMS.BlazorServerApp\FMS.BlazorServerApp.csproj", "{E599A978-72FC-44F4-9B6E-D89CB66B06F0}"
EndProject
Project("{9A19103F-16F7-4668-BE54-9A1E7A4F7556}") = "FMS.Domain", "FMS.Domain\FMS.Domain.csproj", "{A7AD9C52-2FA7-47F9-9C24-6498DD1852B8}"
EndProject
Global
	GlobalSection(SolutionConfigurationPlatforms) = preSolution
		Debug|Any CPU = Debug|Any CPU
		Release|Any CPU = Release|Any CPU
	EndGlobalSection
	GlobalSection(ProjectConfigurationPlatforms) = postSolution
		{E599A978-72FC-44F4-9B6E-D89CB66B06F0}.Debug|Any CPU.ActiveCfg = Debug|Any CPU
		{E599A978-72FC-44F4-9B6E-D89CB66B06F0}.Debug|Any CPU.Build.0 = Debug|Any CPU
		{E599A978-72FC-44F4-9B6E-D89CB66B06F0}.Release|Any CPU.ActiveCfg = Release|Any CPU
		{E599A978-72FC-44F4-9B6E-D89CB66B06F0}.Release|Any CPU.Build.0 = Release|Any CPU
		{A7AD9C52-2FA7-47F9-9C24-6498DD1852B8}.Debug|Any CPU.ActiveCfg = Debug|Any CPU
		{A7AD9C52-2FA7-47F9-9C24-6498DD1852B8}.Debug|Any CPU.Build.0 = Debug|Any CPU
		{A7AD9C52-2FA7-47F9-9C24-6498DD1852B8}.Release|Any CPU.ActiveCfg = Release|Any CPU
		{A7AD9C52-2FA7-47F9-9C24-6498DD1852B8}.Release|Any CPU.Build.0 = Release|Any CPU
	EndGlobalSection
	GlobalSection(SolutionProperties) = preSolution
		HideSolutionNode = FALSE
	EndGlobalSection
	GlobalSection(ExtensibilityGlobals) = postSolution
		SolutionGuid = {96D88511-859B-40C3-8741-9942D5F825B9}
	EndGlobalSection
EndGlobal
